// !$*UTF8*$!
{
	archiveVersion = 1;
	classes = {
	};
	objectVersion = 46;
	objects = {

/* Begin PBXBuildFile section */
		926E3C126ED74C7284084027 /* libPods.a in Frameworks */ = {isa = PBXBuildFile; fileRef = E93D9F7E7F8C4B6F9D63E93E /* libPods.a */; };
		CA39059119418D02009CDDDE /* MoviesViewController.m in Sources */ = {isa = PBXBuildFile; fileRef = CA39058F19418D02009CDDDE /* MoviesViewController.m */; };
		CA39059219418D02009CDDDE /* MoviesViewController.xib in Resources */ = {isa = PBXBuildFile; fileRef = CA39059019418D02009CDDDE /* MoviesViewController.xib */; };
		CA41622F1946878E0050D0C7 /* MovieDetailsViewController.m in Sources */ = {isa = PBXBuildFile; fileRef = CA41622D1946878E0050D0C7 /* MovieDetailsViewController.m */; };
		CA4162301946878E0050D0C7 /* MovieDetailsViewController.xib in Resources */ = {isa = PBXBuildFile; fileRef = CA41622E1946878E0050D0C7 /* MovieDetailsViewController.xib */; };
		CABE50A8194242B800C3D8B2 /* MovieCell.m in Sources */ = {isa = PBXBuildFile; fileRef = CABE50A6194242B800C3D8B2 /* MovieCell.m */; };
		CABE50A9194242B800C3D8B2 /* MovieCell.xib in Resources */ = {isa = PBXBuildFile; fileRef = CABE50A7194242B800C3D8B2 /* MovieCell.xib */; };
		CACEF1E819410E22000A5812 /* Foundation.framework in Frameworks */ = {isa = PBXBuildFile; fileRef = CACEF1E719410E22000A5812 /* Foundation.framework */; };
		CACEF1EA19410E22000A5812 /* CoreGraphics.framework in Frameworks */ = {isa = PBXBuildFile; fileRef = CACEF1E919410E22000A5812 /* CoreGraphics.framework */; };
		CACEF1EC19410E22000A5812 /* UIKit.framework in Frameworks */ = {isa = PBXBuildFile; fileRef = CACEF1EB19410E22000A5812 /* UIKit.framework */; };
		CACEF1F219410E22000A5812 /* InfoPlist.strings in Resources */ = {isa = PBXBuildFile; fileRef = CACEF1F019410E22000A5812 /* InfoPlist.strings */; };
		CACEF1F419410E22000A5812 /* main.m in Sources */ = {isa = PBXBuildFile; fileRef = CACEF1F319410E22000A5812 /* main.m */; };
		CACEF1F819410E22000A5812 /* AppDelegate.m in Sources */ = {isa = PBXBuildFile; fileRef = CACEF1F719410E22000A5812 /* AppDelegate.m */; };
		CACEF1FA19410E22000A5812 /* Images.xcassets in Resources */ = {isa = PBXBuildFile; fileRef = CACEF1F919410E22000A5812 /* Images.xcassets */; };
		CACEF20119410E22000A5812 /* XCTest.framework in Frameworks */ = {isa = PBXBuildFile; fileRef = CACEF20019410E22000A5812 /* XCTest.framework */; };
		CACEF20219410E22000A5812 /* Foundation.framework in Frameworks */ = {isa = PBXBuildFile; fileRef = CACEF1E719410E22000A5812 /* Foundation.framework */; };
		CACEF20319410E22000A5812 /* UIKit.framework in Frameworks */ = {isa = PBXBuildFile; fileRef = CACEF1EB19410E22000A5812 /* UIKit.framework */; };
		CACEF20B19410E22000A5812 /* InfoPlist.strings in Resources */ = {isa = PBXBuildFile; fileRef = CACEF20919410E22000A5812 /* InfoPlist.strings */; };
		CACEF20D19410E22000A5812 /* RottenTomatoesTests.m in Sources */ = {isa = PBXBuildFile; fileRef = CACEF20C19410E22000A5812 /* RottenTomatoesTests.m */; };
/* End PBXBuildFile section */

/* Begin PBXContainerItemProxy section */
		CACEF20419410E22000A5812 /* PBXContainerItemProxy */ = {
			isa = PBXContainerItemProxy;
			containerPortal = CACEF1DC19410E22000A5812 /* Project object */;
			proxyType = 1;
			remoteGlobalIDString = CACEF1E319410E22000A5812;
			remoteInfo = RottenTomatoes;
		};
/* End PBXContainerItemProxy section */

/* Begin PBXFileReference section */
		759C4B5A73304481A8B8629B /* Pods.xcconfig */ = {isa = PBXFileReference; includeInIndex = 1; lastKnownFileType = text.xcconfig; name = Pods.xcconfig; path = Pods/Pods.xcconfig; sourceTree = "<group>"; };
		CA39058E19418D02009CDDDE /* MoviesViewController.h */ = {isa = PBXFileReference; fileEncoding = 4; lastKnownFileType = sourcecode.c.h; path = MoviesViewController.h; sourceTree = "<group>"; };
		CA39058F19418D02009CDDDE /* MoviesViewController.m */ = {isa = PBXFileReference; fileEncoding = 4; lastKnownFileType = sourcecode.c.objc; path = MoviesViewController.m; sourceTree = "<group>"; };
		CA39059019418D02009CDDDE /* MoviesViewController.xib */ = {isa = PBXFileReference; fileEncoding = 4; lastKnownFileType = file.xib; path = MoviesViewController.xib; sourceTree = "<group>"; };
		CA41622C1946878E0050D0C7 /* MovieDetailsViewController.h */ = {isa = PBXFileReference; fileEncoding = 4; lastKnownFileType = sourcecode.c.h; path = MovieDetailsViewController.h; sourceTree = "<group>"; };
		CA41622D1946878E0050D0C7 /* MovieDetailsViewController.m */ = {isa = PBXFileReference; fileEncoding = 4; lastKnownFileType = sourcecode.c.objc; path = MovieDetailsViewController.m; sourceTree = "<group>"; };
		CA41622E1946878E0050D0C7 /* MovieDetailsViewController.xib */ = {isa = PBXFileReference; fileEncoding = 4; lastKnownFileType = file.xib; path = MovieDetailsViewController.xib; sourceTree = "<group>"; };
		CABE50A5194242B800C3D8B2 /* MovieCell.h */ = {isa = PBXFileReference; fileEncoding = 4; lastKnownFileType = sourcecode.c.h; path = MovieCell.h; sourceTree = "<group>"; };
		CABE50A6194242B800C3D8B2 /* MovieCell.m */ = {isa = PBXFileReference; fileEncoding = 4; lastKnownFileType = sourcecode.c.objc; path = MovieCell.m; sourceTree = "<group>"; };
		CABE50A7194242B800C3D8B2 /* MovieCell.xib */ = {isa = PBXFileReference; fileEncoding = 4; lastKnownFileType = file.xib; path = MovieCell.xib; sourceTree = "<group>"; };
		CACEF1E419410E22000A5812 /* RottenTomatoes.app */ = {isa = PBXFileReference; explicitFileType = wrapper.application; includeInIndex = 0; path = RottenTomatoes.app; sourceTree = BUILT_PRODUCTS_DIR; };
		CACEF1E719410E22000A5812 /* Foundation.framework */ = {isa = PBXFileReference; lastKnownFileType = wrapper.framework; name = Foundation.framework; path = System/Library/Frameworks/Foundation.framework; sourceTree = SDKROOT; };
		CACEF1E919410E22000A5812 /* CoreGraphics.framework */ = {isa = PBXFileReference; lastKnownFileType = wrapper.framework; name = CoreGraphics.framework; path = System/Library/Frameworks/CoreGraphics.framework; sourceTree = SDKROOT; };
		CACEF1EB19410E22000A5812 /* UIKit.framework */ = {isa = PBXFileReference; lastKnownFileType = wrapper.framework; name = UIKit.framework; path = System/Library/Frameworks/UIKit.framework; sourceTree = SDKROOT; };
		CACEF1EF19410E22000A5812 /* RottenTomatoes-Info.plist */ = {isa = PBXFileReference; lastKnownFileType = text.plist.xml; path = "RottenTomatoes-Info.plist"; sourceTree = "<group>"; };
		CACEF1F119410E22000A5812 /* en */ = {isa = PBXFileReference; lastKnownFileType = text.plist.strings; name = en; path = en.lproj/InfoPlist.strings; sourceTree = "<group>"; };
		CACEF1F319410E22000A5812 /* main.m */ = {isa = PBXFileReference; lastKnownFileType = sourcecode.c.objc; path = main.m; sourceTree = "<group>"; };
		CACEF1F519410E22000A5812 /* RottenTomatoes-Prefix.pch */ = {isa = PBXFileReference; lastKnownFileType = sourcecode.c.h; path = "RottenTomatoes-Prefix.pch"; sourceTree = "<group>"; };
		CACEF1F619410E22000A5812 /* AppDelegate.h */ = {isa = PBXFileReference; lastKnownFileType = sourcecode.c.h; path = AppDelegate.h; sourceTree = "<group>"; };
		CACEF1F719410E22000A5812 /* AppDelegate.m */ = {isa = PBXFileReference; lastKnownFileType = sourcecode.c.objc; path = AppDelegate.m; sourceTree = "<group>"; };
		CACEF1F919410E22000A5812 /* Images.xcassets */ = {isa = PBXFileReference; lastKnownFileType = folder.assetcatalog; path = Images.xcassets; sourceTree = "<group>"; };
		CACEF1FF19410E22000A5812 /* RottenTomatoesTests.xctest */ = {isa = PBXFileReference; explicitFileType = wrapper.cfbundle; includeInIndex = 0; path = RottenTomatoesTests.xctest; sourceTree = BUILT_PRODUCTS_DIR; };
		CACEF20019410E22000A5812 /* XCTest.framework */ = {isa = PBXFileReference; lastKnownFileType = wrapper.framework; name = XCTest.framework; path = Library/Frameworks/XCTest.framework; sourceTree = DEVELOPER_DIR; };
		CACEF20819410E22000A5812 /* RottenTomatoesTests-Info.plist */ = {isa = PBXFileReference; lastKnownFileType = text.plist.xml; path = "RottenTomatoesTests-Info.plist"; sourceTree = "<group>"; };
		CACEF20A19410E22000A5812 /* en */ = {isa = PBXFileReference; lastKnownFileType = text.plist.strings; name = en; path = en.lproj/InfoPlist.strings; sourceTree = "<group>"; };
		CACEF20C19410E22000A5812 /* RottenTomatoesTests.m */ = {isa = PBXFileReference; lastKnownFileType = sourcecode.c.objc; path = RottenTomatoesTests.m; sourceTree = "<group>"; };
		E93D9F7E7F8C4B6F9D63E93E /* libPods.a */ = {isa = PBXFileReference; explicitFileType = archive.ar; includeInIndex = 0; path = libPods.a; sourceTree = BUILT_PRODUCTS_DIR; };
/* End PBXFileReference section */

/* Begin PBXFrameworksBuildPhase section */
		CACEF1E119410E22000A5812 /* Frameworks */ = {
			isa = PBXFrameworksBuildPhase;
			buildActionMask = 2147483647;
			files = (
				CACEF1EA19410E22000A5812 /* CoreGraphics.framework in Frameworks */,
				CACEF1EC19410E22000A5812 /* UIKit.framework in Frameworks */,
				CACEF1E819410E22000A5812 /* Foundation.framework in Frameworks */,
				926E3C126ED74C7284084027 /* libPods.a in Frameworks */,
			);
			runOnlyForDeploymentPostprocessing = 0;
		};
		CACEF1FC19410E22000A5812 /* Frameworks */ = {
			isa = PBXFrameworksBuildPhase;
			buildActionMask = 2147483647;
			files = (
				CACEF20119410E22000A5812 /* XCTest.framework in Frameworks */,
				CACEF20319410E22000A5812 /* UIKit.framework in Frameworks */,
				CACEF20219410E22000A5812 /* Foundation.framework in Frameworks */,
			);
			runOnlyForDeploymentPostprocessing = 0;
		};
/* End PBXFrameworksBuildPhase section */

/* Begin PBXGroup section */
		CACEF1DB19410E22000A5812 = {
			isa = PBXGroup;
			children = (
				CACEF1ED19410E22000A5812 /* RottenTomatoes */,
				CACEF20619410E22000A5812 /* RottenTomatoesTests */,
				CACEF1E619410E22000A5812 /* Frameworks */,
				CACEF1E519410E22000A5812 /* Products */,
				759C4B5A73304481A8B8629B /* Pods.xcconfig */,
			);
			sourceTree = "<group>";
		};
		CACEF1E519410E22000A5812 /* Products */ = {
			isa = PBXGroup;
			children = (
				CACEF1E419410E22000A5812 /* RottenTomatoes.app */,
				CACEF1FF19410E22000A5812 /* RottenTomatoesTests.xctest */,
			);
			name = Products;
			sourceTree = "<group>";
		};
		CACEF1E619410E22000A5812 /* Frameworks */ = {
			isa = PBXGroup;
			children = (
				CACEF1E719410E22000A5812 /* Foundation.framework */,
				CACEF1E919410E22000A5812 /* CoreGraphics.framework */,
				CACEF1EB19410E22000A5812 /* UIKit.framework */,
				CACEF20019410E22000A5812 /* XCTest.framework */,
				E93D9F7E7F8C4B6F9D63E93E /* libPods.a */,
			);
			name = Frameworks;
			sourceTree = "<group>";
		};
		CACEF1ED19410E22000A5812 /* RottenTomatoes */ = {
			isa = PBXGroup;
			children = (
				CACEF1F619410E22000A5812 /* AppDelegate.h */,
				CACEF1F719410E22000A5812 /* AppDelegate.m */,
				CACEF1F919410E22000A5812 /* Images.xcassets */,
				CACEF1EE19410E22000A5812 /* Supporting Files */,
				CA39058E19418D02009CDDDE /* MoviesViewController.h */,
				CA39058F19418D02009CDDDE /* MoviesViewController.m */,
				CA39059019418D02009CDDDE /* MoviesViewController.xib */,
				CABE50A5194242B800C3D8B2 /* MovieCell.h */,
				CABE50A6194242B800C3D8B2 /* MovieCell.m */,
				CABE50A7194242B800C3D8B2 /* MovieCell.xib */,
				CA41622C1946878E0050D0C7 /* MovieDetailsViewController.h */,
				CA41622D1946878E0050D0C7 /* MovieDetailsViewController.m */,
				CA41622E1946878E0050D0C7 /* MovieDetailsViewController.xib */,
			);
			path = RottenTomatoes;
			sourceTree = "<group>";
		};
		CACEF1EE19410E22000A5812 /* Supporting Files */ = {
			isa = PBXGroup;
			children = (
				CACEF1EF19410E22000A5812 /* RottenTomatoes-Info.plist */,
				CACEF1F019410E22000A5812 /* InfoPlist.strings */,
				CACEF1F319410E22000A5812 /* main.m */,
				CACEF1F519410E22000A5812 /* RottenTomatoes-Prefix.pch */,
			);
			name = "Supporting Files";
			sourceTree = "<group>";
		};
		CACEF20619410E22000A5812 /* RottenTomatoesTests */ = {
			isa = PBXGroup;
			children = (
				CACEF20C19410E22000A5812 /* RottenTomatoesTests.m */,
				CACEF20719410E22000A5812 /* Supporting Files */,
			);
			path = RottenTomatoesTests;
			sourceTree = "<group>";
		};
		CACEF20719410E22000A5812 /* Supporting Files */ = {
			isa = PBXGroup;
			children = (
				CACEF20819410E22000A5812 /* RottenTomatoesTests-Info.plist */,
				CACEF20919410E22000A5812 /* InfoPlist.strings */,
			);
			name = "Supporting Files";
			sourceTree = "<group>";
		};
/* End PBXGroup section */

/* Begin PBXNativeTarget section */
		CACEF1E319410E22000A5812 /* RottenTomatoes */ = {
			isa = PBXNativeTarget;
			buildConfigurationList = CACEF21019410E22000A5812 /* Build configuration list for PBXNativeTarget "RottenTomatoes" */;
			buildPhases = (
				13775B011991452D9F79EBB4 /* Check Pods Manifest.lock */,
				CACEF1E019410E22000A5812 /* Sources */,
				CACEF1E119410E22000A5812 /* Frameworks */,
				CACEF1E219410E22000A5812 /* Resources */,
				BD7093B72CAC40FC867EA09F /* Copy Pods Resources */,
			);
			buildRules = (
			);
			dependencies = (
			);
			name = RottenTomatoes;
			productName = RottenTomatoes;
			productReference = CACEF1E419410E22000A5812 /* RottenTomatoes.app */;
			productType = "com.apple.product-type.application";
		};
		CACEF1FE19410E22000A5812 /* RottenTomatoesTests */ = {
			isa = PBXNativeTarget;
			buildConfigurationList = CACEF21319410E22000A5812 /* Build configuration list for PBXNativeTarget "RottenTomatoesTests" */;
			buildPhases = (
				CACEF1FB19410E22000A5812 /* Sources */,
				CACEF1FC19410E22000A5812 /* Frameworks */,
				CACEF1FD19410E22000A5812 /* Resources */,
			);
			buildRules = (
			);
			dependencies = (
				CACEF20519410E22000A5812 /* PBXTargetDependency */,
			);
			name = RottenTomatoesTests;
			productName = RottenTomatoesTests;
			productReference = CACEF1FF19410E22000A5812 /* RottenTomatoesTests.xctest */;
			productType = "com.apple.product-type.bundle.unit-test";
		};
/* End PBXNativeTarget section */

/* Begin PBXProject section */
		CACEF1DC19410E22000A5812 /* Project object */ = {
			isa = PBXProject;
			attributes = {
				LastUpgradeCheck = 0500;
				ORGANIZATIONNAME = yahoo;
				TargetAttributes = {
					CACEF1FE19410E22000A5812 = {
						TestTargetID = CACEF1E319410E22000A5812;
					};
				};
			};
			buildConfigurationList = CACEF1DF19410E22000A5812 /* Build configuration list for PBXProject "RottenTomatoes" */;
			compatibilityVersion = "Xcode 3.2";
			developmentRegion = English;
			hasScannedForEncodings = 0;
			knownRegions = (
				en,
			);
			mainGroup = CACEF1DB19410E22000A5812;
			productRefGroup = CACEF1E519410E22000A5812 /* Products */;
			projectDirPath = "";
			projectRoot = "";
			targets = (
				CACEF1E319410E22000A5812 /* RottenTomatoes */,
				CACEF1FE19410E22000A5812 /* RottenTomatoesTests */,
			);
		};
/* End PBXProject section */

/* Begin PBXResourcesBuildPhase section */
		CACEF1E219410E22000A5812 /* Resources */ = {
			isa = PBXResourcesBuildPhase;
			buildActionMask = 2147483647;
			files = (
				CACEF1F219410E22000A5812 /* InfoPlist.strings in Resources */,
				CA39059219418D02009CDDDE /* MoviesViewController.xib in Resources */,
				CABE50A9194242B800C3D8B2 /* MovieCell.xib in Resources */,
				CACEF1FA19410E22000A5812 /* Images.xcassets in Resources */,
				CA4162301946878E0050D0C7 /* MovieDetailsViewController.xib in Resources */,
			);
			runOnlyForDeploymentPostprocessing = 0;
		};
		CACEF1FD19410E22000A5812 /* Resources */ = {
			isa = PBXResourcesBuildPhase;
			buildActionMask = 2147483647;
			files = (
				CACEF20B19410E22000A5812 /* InfoPlist.strings in Resources */,
			);
			runOnlyForDeploymentPostprocessing = 0;
		};
/* End PBXResourcesBuildPhase section */

/* Begin PBXShellScriptBuildPhase section */
		13775B011991452D9F79EBB4 /* Check Pods Manifest.lock */ = {
			isa = PBXShellScriptBuildPhase;
			buildActionMask = 2147483647;
			files = (
			);
			inputPaths = (
			);
			name = "Check Pods Manifest.lock";
			outputPaths = (
			);
			runOnlyForDeploymentPostprocessing = 0;
			shellPath = /bin/sh;
			shellScript = "diff \"${PODS_ROOT}/../Podfile.lock\" \"${PODS_ROOT}/Manifest.lock\" > /dev/null\nif [[ $? != 0 ]] ; then\n    cat << EOM\nerror: The sandbox is not in sync with the Podfile.lock. Run 'pod install' or update your CocoaPods installation.\nEOM\n    exit 1\nfi\n";
			showEnvVarsInLog = 0;
		};
		BD7093B72CAC40FC867EA09F /* Copy Pods Resources */ = {
			isa = PBXShellScriptBuildPhase;
			buildActionMask = 2147483647;
			files = (
			);
			inputPaths = (
			);
			name = "Copy Pods Resources";
			outputPaths = (
			);
			runOnlyForDeploymentPostprocessing = 0;
			shellPath = /bin/sh;
			shellScript = "\"${SRCROOT}/Pods/Pods-resources.sh\"\n";
			showEnvVarsInLog = 0;
		};
/* End PBXShellScriptBuildPhase section */

/* Begin PBXSourcesBuildPhase section */
		CACEF1E019410E22000A5812 /* Sources */ = {
			isa = PBXSourcesBuildPhase;
			buildActionMask = 2147483647;
			files = (
				CA41622F1946878E0050D0C7 /* MovieDetailsViewController.m in Sources */,
				CA39059119418D02009CDDDE /* MoviesViewController.m in Sources */,
				CACEF1F819410E22000A5812 /* AppDelegate.m in Sources */,
				CABE50A8194242B800C3D8B2 /* MovieCell.m in Sources */,
				CACEF1F419410E22000A5812 /* main.m in Sources */,
			);
			runOnlyForDeploymentPostprocessing = 0;
		};
		CACEF1FB19410E22000A5812 /* Sources */ = {
			isa = PBXSourcesBuildPhase;
			buildActionMask = 2147483647;
			files = (
				CACEF20D19410E22000A5812 /* RottenTomatoesTests.m in Sources */,
			);
			runOnlyForDeploymentPostprocessing = 0;
		};
/* End PBXSourcesBuildPhase section */

/* Begin PBXTargetDependency section */
		CACEF20519410E22000A5812 /* PBXTargetDependency */ = {
			isa = PBXTargetDependency;
			target = CACEF1E319410E22000A5812 /* RottenTomatoes */;
			targetProxy = CACEF20419410E22000A5812 /* PBXContainerItemProxy */;
		};
/* End PBXTargetDependency section */

/* Begin PBXVariantGroup section */
		CACEF1F019410E22000A5812 /* InfoPlist.strings */ = {
			isa = PBXVariantGroup;
			children = (
				CACEF1F119410E22000A5812 /* en */,
			);
			name = InfoPlist.strings;
			sourceTree = "<group>";
		};
		CACEF20919410E22000A5812 /* InfoPlist.strings */ = {
			isa = PBXVariantGroup;
			children = (
				CACEF20A19410E22000A5812 /* en */,
			);
			name = InfoPlist.strings;
			sourceTree = "<group>";
		};
/* End PBXVariantGroup section */

/* Begin XCBuildConfiguration section */
		CACEF20E19410E22000A5812 /* Debug */ = {
			isa = XCBuildConfiguration;
			buildSettings = {
				ALWAYS_SEARCH_USER_PATHS = NO;
				ARCHS = "$(ARCHS_STANDARD_INCLUDING_64_BIT)";
				CLANG_CXX_LANGUAGE_STANDARD = "gnu++0x";
				CLANG_CXX_LIBRARY = "libc++";
				CLANG_ENABLE_MODULES = YES;
				CLANG_ENABLE_OBJC_ARC = YES;
				CLANG_WARN_BOOL_CONVERSION = YES;
				CLANG_WARN_CONSTANT_CONVERSION = YES;
				CLANG_WARN_DIRECT_OBJC_ISA_USAGE = YES_ERROR;
				CLANG_WARN_EMPTY_BODY = YES;
				CLANG_WARN_ENUM_CONVERSION = YES;
				CLANG_WARN_INT_CONVERSION = YES;
				CLANG_WARN_OBJC_ROOT_CLASS = YES_ERROR;
				CLANG_WARN__DUPLICATE_METHOD_MATCH = YES;
				"CODE_SIGN_IDENTITY[sdk=iphoneos*]" = "iPhone Developer";
				COPY_PHASE_STRIP = NO;
				GCC_C_LANGUAGE_STANDARD = gnu99;
				GCC_DYNAMIC_NO_PIC = NO;
				GCC_OPTIMIZATION_LEVEL = 0;
				GCC_PREPROCESSOR_DEFINITIONS = (
					"DEBUG=1",
					"$(inherited)",
				);
				GCC_SYMBOLS_PRIVATE_EXTERN = NO;
				GCC_WARN_64_TO_32_BIT_CONVERSION = YES;
				GCC_WARN_ABOUT_RETURN_TYPE = YES_ERROR;
				GCC_WARN_UNDECLARED_SELECTOR = YES;
				GCC_WARN_UNINITIALIZED_AUTOS = YES;
				GCC_WARN_UNUSED_FUNCTION = YES;
				GCC_WARN_UNUSED_VARIABLE = YES;
				IPHONEOS_DEPLOYMENT_TARGET = 7.0;
				ONLY_ACTIVE_ARCH = YES;
				SDKROOT = iphoneos;
			};
			name = Debug;
		};
		CACEF20F19410E22000A5812 /* Release */ = {
			isa = XCBuildConfiguration;
			buildSettings = {
				ALWAYS_SEARCH_USER_PATHS = NO;
				ARCHS = "$(ARCHS_STANDARD_INCLUDING_64_BIT)";
				CLANG_CXX_LANGUAGE_STANDARD = "gnu++0x";
				CLANG_CXX_LIBRARY = "libc++";
				CLANG_ENABLE_MODULES = YES;
				CLANG_ENABLE_OBJC_ARC = YES;
				CLANG_WARN_BOOL_CONVERSION = YES;
				CLANG_WARN_CONSTANT_CONVERSION = YES;
				CLANG_WARN_DIRECT_OBJC_ISA_USAGE = YES_ERROR;
				CLANG_WARN_EMPTY_BODY = YES;
				CLANG_WARN_ENUM_CONVERSION = YES;
				CLANG_WARN_INT_CONVERSION = YES;
				CLANG_WARN_OBJC_ROOT_CLASS = YES_ERROR;
				CLANG_WARN__DUPLICATE_METHOD_MATCH = YES;
				"CODE_SIGN_IDENTITY[sdk=iphoneos*]" = "iPhone Developer";
				COPY_PHASE_STRIP = YES;
				ENABLE_NS_ASSERTIONS = NO;
				GCC_C_LANGUAGE_STANDARD = gnu99;
				GCC_WARN_64_TO_32_BIT_CONVERSION = YES;
				GCC_WARN_ABOUT_RETURN_TYPE = YES_ERROR;
				GCC_WARN_UNDECLARED_SELECTOR = YES;
				GCC_WARN_UNINITIALIZED_AUTOS = YES;
				GCC_WARN_UNUSED_FUNCTION = YES;
				GCC_WARN_UNUSED_VARIABLE = YES;
				IPHONEOS_DEPLOYMENT_TARGET = 7.0;
				SDKROOT = iphoneos;
				VALIDATE_PRODUCT = YES;
			};
			name = Release;
		};
		CACEF21119410E22000A5812 /* Debug */ = {
			isa = XCBuildConfiguration;
			baseConfigurationReference = 759C4B5A73304481A8B8629B /* Pods.xcconfig */;
			buildSettings = {
				ASSETCATALOG_COMPILER_APPICON_NAME = AppIcon;
				ASSETCATALOG_COMPILER_LAUNCHIMAGE_NAME = LaunchImage;
				GCC_PRECOMPILE_PREFIX_HEADER = YES;
				GCC_PREFIX_HEADER = "RottenTomatoes/RottenTomatoes-Prefix.pch";
				INFOPLIST_FILE = "RottenTomatoes/RottenTomatoes-Info.plist";
				IPHONEOS_DEPLOYMENT_TARGET = 7.0;
				PRODUCT_NAME = "$(TARGET_NAME)";
				WRAPPER_EXTENSION = app;
			};
			name = Debug;
		};
		CACEF21219410E22000A5812 /* Release */ = {
			isa = XCBuildConfiguration;
			baseConfigurationReference = 759C4B5A73304481A8B8629B /* Pods.xcconfig */;
			buildSettings = {
				ASSETCATALOG_COMPILER_APPICON_NAME = AppIcon;
				ASSETCATALOG_COMPILER_LAUNCHIMAGE_NAME = LaunchImage;
				GCC_PRECOMPILE_PREFIX_HEADER = YES;
				GCC_PREFIX_HEADER = "RottenTomatoes/RottenTomatoes-Prefix.pch";
				INFOPLIST_FILE = "RottenTomatoes/RottenTomatoes-Info.plist";
				IPHONEOS_DEPLOYMENT_TARGET = 7.0;
				PRODUCT_NAME = "$(TARGET_NAME)";
				WRAPPER_EXTENSION = app;
			};
			name = Release;
		};
		CACEF21419410E22000A5812 /* Debug */ = {
			isa = XCBuildConfiguration;
			buildSettings = {
				ARCHS = "$(ARCHS_STANDARD_INCLUDING_64_BIT)";
				BUNDLE_LOADER = "$(BUILT_PRODUCTS_DIR)/RottenTomatoes.app/RottenTomatoes";
				FRAMEWORK_SEARCH_PATHS = (
					"$(SDKROOT)/Developer/Library/Frameworks",
					"$(inherited)",
					"$(DEVELOPER_FRAMEWORKS_DIR)",
				);
				GCC_PRECOMPILE_PREFIX_HEADER = YES;
				GCC_PREFIX_HEADER = "RottenTomatoes/RottenTomatoes-Prefix.pch";
				GCC_PREPROCESSOR_DEFINITIONS = (
					"DEBUG=1",
					"$(inherited)",
				);
				INFOPLIST_FILE = "RottenTomatoesTests/RottenTomatoesTests-Info.plist";
				PRODUCT_NAME = "$(TARGET_NAME)";
				TEST_HOST = "$(BUNDLE_LOADER)";
				WRAPPER_EXTENSION = xctest;
			};
			name = Debug;
		};
		CACEF21519410E22000A5812 /* Release */ = {
			isa = XCBuildConfiguration;
			buildSettings = {
				ARCHS = "$(ARCHS_STANDARD_INCLUDING_64_BIT)";
				BUNDLE_LOADER = "$(BUILT_PRODUCTS_DIR)/RottenTomatoes.app/RottenTomatoes";
				FRAMEWORK_SEARCH_PATHS = (
					"$(SDKROOT)/Developer/Library/Frameworks",
					"$(inherited)",
					"$(DEVELOPER_FRAMEWORKS_DIR)",
				);
				GCC_PRECOMPILE_PREFIX_HEADER = YES;
				GCC_PREFIX_HEADER = "RottenTomatoes/RottenTomatoes-Prefix.pch";
				INFOPLIST_FILE = "RottenTomatoesTests/RottenTomatoesTests-Info.plist";
				PRODUCT_NAME = "$(TARGET_NAME)";
				TEST_HOST = "$(BUNDLE_LOADER)";
				WRAPPER_EXTENSION = xctest;
			};
			name = Release;
		};
/* End XCBuildConfiguration section */

/* Begin XCConfigurationList section */
		CACEF1DF19410E22000A5812 /* Build configuration list for PBXProject "RottenTomatoes" */ = {
			isa = XCConfigurationList;
			buildConfigurations = (
				CACEF20E19410E22000A5812 /* Debug */,
				CACEF20F19410E22000A5812 /* Release */,
			);
			defaultConfigurationIsVisible = 0;
			defaultConfigurationName = Release;
		};
		CACEF21019410E22000A5812 /* Build configuration list for PBXNativeTarget "RottenTomatoes" */ = {
			isa = XCConfigurationList;
			buildConfigurations = (
				CACEF21119410E22000A5812 /* Debug */,
				CACEF21219410E22000A5812 /* Release */,
			);
			defaultConfigurationIsVisible = 0;
			defaultConfigurationName = Release;
		};
		CACEF21319410E22000A5812 /* Build configuration list for PBXNativeTarget "RottenTomatoesTests" */ = {
			isa = XCConfigurationList;
			buildConfigurations = (
				CACEF21419410E22000A5812 /* Debug */,
				CACEF21519410E22000A5812 /* Release */,
			);
			defaultConfigurationIsVisible = 0;
			defaultConfigurationName = Release;
		};
/* End XCConfigurationList section */
	};
	rootObject = CACEF1DC19410E22000A5812 /* Project object */;
}
