<?xml version="1.0" encoding="UTF-8"?>
<!DOCTYPE plist PUBLIC "-//Apple//DTD PLIST 1.0//EN" "http://www.apple.com/DTDs/PropertyList-1.0.dtd">
<plist version="1.0">
<dict>
	<key>archiveVersion</key>
	<string>1</string>
	<key>classes</key>
	<dict/>
	<key>objectVersion</key>
	<string>46</string>
	<key>objects</key>
	<dict>
		<key>13775B011991452D9F79EBB4</key>
		<dict>
			<key>buildActionMask</key>
			<string>2147483647</string>
			<key>files</key>
			<array/>
			<key>inputPaths</key>
			<array/>
			<key>isa</key>
			<string>PBXShellScriptBuildPhase</string>
			<key>name</key>
			<string>Check Pods Manifest.lock</string>
			<key>outputPaths</key>
			<array/>
			<key>runOnlyForDeploymentPostprocessing</key>
			<string>0</string>
			<key>shellPath</key>
			<string>/bin/sh</string>
			<key>shellScript</key>
			<string>diff "${PODS_ROOT}/../Podfile.lock" "${PODS_ROOT}/Manifest.lock" &gt; /dev/null
if [[ $? != 0 ]] ; then
    cat &lt;&lt; EOM
error: The sandbox is not in sync with the Podfile.lock. Run 'pod install' or update your CocoaPods installation.
EOM
    exit 1
fi
</string>
			<key>showEnvVarsInLog</key>
			<string>0</string>
		</dict>
		<key>759C4B5A73304481A8B8629B</key>
		<dict>
			<key>includeInIndex</key>
			<string>1</string>
			<key>isa</key>
			<string>PBXFileReference</string>
			<key>lastKnownFileType</key>
			<string>text.xcconfig</string>
			<key>name</key>
			<string>Pods.xcconfig</string>
			<key>path</key>
			<string>Pods/Pods.xcconfig</string>
			<key>sourceTree</key>
			<string>&lt;group&gt;</string>
		</dict>
		<key>926E3C126ED74C7284084027</key>
		<dict>
			<key>fileRef</key>
			<string>E93D9F7E7F8C4B6F9D63E93E</string>
			<key>isa</key>
			<string>PBXBuildFile</string>
		</dict>
		<key>BD7093B72CAC40FC867EA09F</key>
		<dict>
			<key>buildActionMask</key>
			<string>2147483647</string>
			<key>files</key>
			<array/>
			<key>inputPaths</key>
			<array/>
			<key>isa</key>
			<string>PBXShellScriptBuildPhase</string>
			<key>name</key>
			<string>Copy Pods Resources</string>
			<key>outputPaths</key>
			<array/>
			<key>runOnlyForDeploymentPostprocessing</key>
			<string>0</string>
			<key>shellPath</key>
			<string>/bin/sh</string>
			<key>shellScript</key>
			<string>"${SRCROOT}/Pods/Pods-resources.sh"
</string>
			<key>showEnvVarsInLog</key>
			<string>0</string>
		</dict>
		<key>CA39058E19418D02009CDDDE</key>
		<dict>
			<key>fileEncoding</key>
			<string>4</string>
			<key>isa</key>
			<string>PBXFileReference</string>
			<key>lastKnownFileType</key>
			<string>sourcecode.c.h</string>
			<key>path</key>
			<string>MoviesViewController.h</string>
			<key>sourceTree</key>
			<string>&lt;group&gt;</string>
		</dict>
		<key>CA39058F19418D02009CDDDE</key>
		<dict>
			<key>fileEncoding</key>
			<string>4</string>
			<key>isa</key>
			<string>PBXFileReference</string>
			<key>lastKnownFileType</key>
			<string>sourcecode.c.objc</string>
			<key>path</key>
			<string>MoviesViewController.m</string>
			<key>sourceTree</key>
			<string>&lt;group&gt;</string>
		</dict>
		<key>CA39059019418D02009CDDDE</key>
		<dict>
			<key>fileEncoding</key>
			<string>4</string>
			<key>isa</key>
			<string>PBXFileReference</string>
			<key>lastKnownFileType</key>
			<string>file.xib</string>
			<key>path</key>
			<string>MoviesViewController.xib</string>
			<key>sourceTree</key>
			<string>&lt;group&gt;</string>
		</dict>
		<key>CA39059119418D02009CDDDE</key>
		<dict>
			<key>fileRef</key>
			<string>CA39058F19418D02009CDDDE</string>
			<key>isa</key>
			<string>PBXBuildFile</string>
		</dict>
		<key>CA39059219418D02009CDDDE</key>
		<dict>
			<key>fileRef</key>
			<string>CA39059019418D02009CDDDE</string>
			<key>isa</key>
			<string>PBXBuildFile</string>
		</dict>
		<key>CABE50A5194242B800C3D8B2</key>
		<dict>
			<key>fileEncoding</key>
			<string>4</string>
			<key>isa</key>
			<string>PBXFileReference</string>
			<key>lastKnownFileType</key>
			<string>sourcecode.c.h</string>
			<key>path</key>
			<string>MovieCell.h</string>
			<key>sourceTree</key>
			<string>&lt;group&gt;</string>
		</dict>
		<key>CABE50A6194242B800C3D8B2</key>
		<dict>
			<key>fileEncoding</key>
			<string>4</string>
			<key>isa</key>
			<string>PBXFileReference</string>
			<key>lastKnownFileType</key>
			<string>sourcecode.c.objc</string>
			<key>path</key>
			<string>MovieCell.m</string>
			<key>sourceTree</key>
			<string>&lt;group&gt;</string>
		</dict>
		<key>CABE50A7194242B800C3D8B2</key>
		<dict>
			<key>fileEncoding</key>
			<string>4</string>
			<key>isa</key>
			<string>PBXFileReference</string>
			<key>lastKnownFileType</key>
			<string>file.xib</string>
			<key>path</key>
			<string>MovieCell.xib</string>
			<key>sourceTree</key>
			<string>&lt;group&gt;</string>
		</dict>
		<key>CABE50A8194242B800C3D8B2</key>
		<dict>
			<key>fileRef</key>
			<string>CABE50A6194242B800C3D8B2</string>
			<key>isa</key>
			<string>PBXBuildFile</string>
		</dict>
		<key>CABE50A9194242B800C3D8B2</key>
		<dict>
			<key>fileRef</key>
			<string>CABE50A7194242B800C3D8B2</string>
			<key>isa</key>
			<string>PBXBuildFile</string>
		</dict>
		<key>CACEF1DB19410E22000A5812</key>
		<dict>
			<key>children</key>
			<array>
				<string>CACEF1ED19410E22000A5812</string>
				<string>CACEF20619410E22000A5812</string>
				<string>CACEF1E619410E22000A5812</string>
				<string>CACEF1E519410E22000A5812</string>
				<string>759C4B5A73304481A8B8629B</string>
			</array>
			<key>isa</key>
			<string>PBXGroup</string>
			<key>sourceTree</key>
			<string>&lt;group&gt;</string>
		</dict>
		<key>CACEF1DC19410E22000A5812</key>
		<dict>
			<key>attributes</key>
			<dict>
				<key>LastUpgradeCheck</key>
				<string>0500</string>
				<key>ORGANIZATIONNAME</key>
				<string>yahoo</string>
				<key>TargetAttributes</key>
				<dict>
					<key>CACEF1FE19410E22000A5812</key>
					<dict>
						<key>TestTargetID</key>
						<string>CACEF1E319410E22000A5812</string>
					</dict>
				</dict>
			</dict>
			<key>buildConfigurationList</key>
			<string>CACEF1DF19410E22000A5812</string>
			<key>compatibilityVersion</key>
			<string>Xcode 3.2</string>
			<key>developmentRegion</key>
			<string>English</string>
			<key>hasScannedForEncodings</key>
			<string>0</string>
			<key>isa</key>
			<string>PBXProject</string>
			<key>knownRegions</key>
			<array>
				<string>en</string>
			</array>
			<key>mainGroup</key>
			<string>CACEF1DB19410E22000A5812</string>
			<key>productRefGroup</key>
			<string>CACEF1E519410E22000A5812</string>
			<key>projectDirPath</key>
			<string></string>
			<key>projectReferences</key>
			<array/>
			<key>projectRoot</key>
			<string></string>
			<key>targets</key>
			<array>
				<string>CACEF1E319410E22000A5812</string>
				<string>CACEF1FE19410E22000A5812</string>
			</array>
		</dict>
		<key>CACEF1DF19410E22000A5812</key>
		<dict>
			<key>buildConfigurations</key>
			<array>
				<string>CACEF20E19410E22000A5812</string>
				<string>CACEF20F19410E22000A5812</string>
			</array>
			<key>defaultConfigurationIsVisible</key>
			<string>0</string>
			<key>defaultConfigurationName</key>
			<string>Release</string>
			<key>isa</key>
			<string>XCConfigurationList</string>
		</dict>
		<key>CACEF1E019410E22000A5812</key>
		<dict>
			<key>buildActionMask</key>
			<string>2147483647</string>
			<key>files</key>
			<array>
				<string>CA39059119418D02009CDDDE</string>
				<string>CACEF1F819410E22000A5812</string>
				<string>CABE50A8194242B800C3D8B2</string>
				<string>CACEF1F419410E22000A5812</string>
			</array>
			<key>isa</key>
			<string>PBXSourcesBuildPhase</string>
			<key>runOnlyForDeploymentPostprocessing</key>
			<string>0</string>
		</dict>
		<key>CACEF1E119410E22000A5812</key>
		<dict>
			<key>buildActionMask</key>
			<string>2147483647</string>
			<key>files</key>
			<array>
				<string>CACEF1EA19410E22000A5812</string>
				<string>CACEF1EC19410E22000A5812</string>
				<string>CACEF1E819410E22000A5812</string>
				<string>926E3C126ED74C7284084027</string>
			</array>
			<key>isa</key>
			<string>PBXFrameworksBuildPhase</string>
			<key>runOnlyForDeploymentPostprocessing</key>
			<string>0</string>
		</dict>
		<key>CACEF1E219410E22000A5812</key>
		<dict>
			<key>buildActionMask</key>
			<string>2147483647</string>
			<key>files</key>
			<array>
				<string>CACEF1F219410E22000A5812</string>
				<string>CA39059219418D02009CDDDE</string>
				<string>CABE50A9194242B800C3D8B2</string>
				<string>CACEF1FA19410E22000A5812</string>
			</array>
			<key>isa</key>
			<string>PBXResourcesBuildPhase</string>
			<key>runOnlyForDeploymentPostprocessing</key>
			<string>0</string>
		</dict>
		<key>CACEF1E319410E22000A5812</key>
		<dict>
			<key>buildConfigurationList</key>
			<string>CACEF21019410E22000A5812</string>
			<key>buildPhases</key>
			<array>
				<string>13775B011991452D9F79EBB4</string>
				<string>CACEF1E019410E22000A5812</string>
				<string>CACEF1E119410E22000A5812</string>
				<string>CACEF1E219410E22000A5812</string>
				<string>BD7093B72CAC40FC867EA09F</string>
			</array>
			<key>buildRules</key>
			<array/>
			<key>dependencies</key>
			<array/>
			<key>isa</key>
			<string>PBXNativeTarget</string>
			<key>name</key>
			<string>RottenTomatoes</string>
			<key>productName</key>
			<string>RottenTomatoes</string>
			<key>productReference</key>
			<string>CACEF1E419410E22000A5812</string>
			<key>productType</key>
			<string>com.apple.product-type.application</string>
		</dict>
		<key>CACEF1E419410E22000A5812</key>
		<dict>
			<key>explicitFileType</key>
			<string>wrapper.application</string>
			<key>includeInIndex</key>
			<string>0</string>
			<key>isa</key>
			<string>PBXFileReference</string>
			<key>path</key>
			<string>RottenTomatoes.app</string>
			<key>sourceTree</key>
			<string>BUILT_PRODUCTS_DIR</string>
		</dict>
		<key>CACEF1E519410E22000A5812</key>
		<dict>
			<key>children</key>
			<array>
				<string>CACEF1E419410E22000A5812</string>
				<string>CACEF1FF19410E22000A5812</string>
			</array>
			<key>isa</key>
			<string>PBXGroup</string>
			<key>name</key>
			<string>Products</string>
			<key>sourceTree</key>
			<string>&lt;group&gt;</string>
		</dict>
		<key>CACEF1E619410E22000A5812</key>
		<dict>
			<key>children</key>
			<array>
				<string>CACEF1E719410E22000A5812</string>
				<string>CACEF1E919410E22000A5812</string>
				<string>CACEF1EB19410E22000A5812</string>
				<string>CACEF20019410E22000A5812</string>
				<string>E93D9F7E7F8C4B6F9D63E93E</string>
			</array>
			<key>isa</key>
			<string>PBXGroup</string>
			<key>name</key>
			<string>Frameworks</string>
			<key>sourceTree</key>
			<string>&lt;group&gt;</string>
		</dict>
		<key>CACEF1E719410E22000A5812</key>
		<dict>
			<key>isa</key>
			<string>PBXFileReference</string>
			<key>lastKnownFileType</key>
			<string>wrapper.framework</string>
			<key>name</key>
			<string>Foundation.framework</string>
			<key>path</key>
			<string>System/Library/Frameworks/Foundation.framework</string>
			<key>sourceTree</key>
			<string>SDKROOT</string>
		</dict>
		<key>CACEF1E819410E22000A5812</key>
		<dict>
			<key>fileRef</key>
			<string>CACEF1E719410E22000A5812</string>
			<key>isa</key>
			<string>PBXBuildFile</string>
		</dict>
		<key>CACEF1E919410E22000A5812</key>
		<dict>
			<key>isa</key>
			<string>PBXFileReference</string>
			<key>lastKnownFileType</key>
			<string>wrapper.framework</string>
			<key>name</key>
			<string>CoreGraphics.framework</string>
			<key>path</key>
			<string>System/Library/Frameworks/CoreGraphics.framework</string>
			<key>sourceTree</key>
			<string>SDKROOT</string>
		</dict>
		<key>CACEF1EA19410E22000A5812</key>
		<dict>
			<key>fileRef</key>
			<string>CACEF1E919410E22000A5812</string>
			<key>isa</key>
			<string>PBXBuildFile</string>
		</dict>
		<key>CACEF1EB19410E22000A5812</key>
		<dict>
			<key>isa</key>
			<string>PBXFileReference</string>
			<key>lastKnownFileType</key>
			<string>wrapper.framework</string>
			<key>name</key>
			<string>UIKit.framework</string>
			<key>path</key>
			<string>System/Library/Frameworks/UIKit.framework</string>
			<key>sourceTree</key>
			<string>SDKROOT</string>
		</dict>
		<key>CACEF1EC19410E22000A5812</key>
		<dict>
			<key>fileRef</key>
			<string>CACEF1EB19410E22000A5812</string>
			<key>isa</key>
			<string>PBXBuildFile</string>
		</dict>
		<key>CACEF1ED19410E22000A5812</key>
		<dict>
			<key>children</key>
			<array>
				<string>CACEF1F619410E22000A5812</string>
				<string>CACEF1F719410E22000A5812</string>
				<string>CACEF1F919410E22000A5812</string>
				<string>CACEF1EE19410E22000A5812</string>
				<string>CA39058E19418D02009CDDDE</string>
				<string>CA39058F19418D02009CDDDE</string>
				<string>CA39059019418D02009CDDDE</string>
				<string>CABE50A5194242B800C3D8B2</string>
				<string>CABE50A6194242B800C3D8B2</string>
				<string>CABE50A7194242B800C3D8B2</string>
			</array>
			<key>isa</key>
			<string>PBXGroup</string>
			<key>path</key>
			<string>RottenTomatoes</string>
			<key>sourceTree</key>
			<string>&lt;group&gt;</string>
		</dict>
		<key>CACEF1EE19410E22000A5812</key>
		<dict>
			<key>children</key>
			<array>
				<string>CACEF1EF19410E22000A5812</string>
				<string>CACEF1F019410E22000A5812</string>
				<string>CACEF1F319410E22000A5812</string>
				<string>CACEF1F519410E22000A5812</string>
			</array>
			<key>isa</key>
			<string>PBXGroup</string>
			<key>name</key>
			<string>Supporting Files</string>
			<key>sourceTree</key>
			<string>&lt;group&gt;</string>
		</dict>
		<key>CACEF1EF19410E22000A5812</key>
		<dict>
			<key>isa</key>
			<string>PBXFileReference</string>
			<key>lastKnownFileType</key>
			<string>text.plist.xml</string>
			<key>path</key>
			<string>RottenTomatoes-Info.plist</string>
			<key>sourceTree</key>
			<string>&lt;group&gt;</string>
		</dict>
		<key>CACEF1F019410E22000A5812</key>
		<dict>
			<key>children</key>
			<array>
				<string>CACEF1F119410E22000A5812</string>
			</array>
			<key>isa</key>
			<string>PBXVariantGroup</string>
			<key>name</key>
			<string>InfoPlist.strings</string>
			<key>sourceTree</key>
			<string>&lt;group&gt;</string>
		</dict>
		<key>CACEF1F119410E22000A5812</key>
		<dict>
			<key>isa</key>
			<string>PBXFileReference</string>
			<key>lastKnownFileType</key>
			<string>text.plist.strings</string>
			<key>name</key>
			<string>en</string>
			<key>path</key>
			<string>en.lproj/InfoPlist.strings</string>
			<key>sourceTree</key>
			<string>&lt;group&gt;</string>
		</dict>
		<key>CACEF1F219410E22000A5812</key>
		<dict>
			<key>fileRef</key>
			<string>CACEF1F019410E22000A5812</string>
			<key>isa</key>
			<string>PBXBuildFile</string>
		</dict>
		<key>CACEF1F319410E22000A5812</key>
		<dict>
			<key>isa</key>
			<string>PBXFileReference</string>
			<key>lastKnownFileType</key>
			<string>sourcecode.c.objc</string>
			<key>path</key>
			<string>main.m</string>
			<key>sourceTree</key>
			<string>&lt;group&gt;</string>
		</dict>
		<key>CACEF1F419410E22000A5812</key>
		<dict>
			<key>fileRef</key>
			<string>CACEF1F319410E22000A5812</string>
			<key>isa</key>
			<string>PBXBuildFile</string>
		</dict>
		<key>CACEF1F519410E22000A5812</key>
		<dict>
			<key>isa</key>
			<string>PBXFileReference</string>
			<key>lastKnownFileType</key>
			<string>sourcecode.c.h</string>
			<key>path</key>
			<string>RottenTomatoes-Prefix.pch</string>
			<key>sourceTree</key>
			<string>&lt;group&gt;</string>
		</dict>
		<key>CACEF1F619410E22000A5812</key>
		<dict>
			<key>isa</key>
			<string>PBXFileReference</string>
			<key>lastKnownFileType</key>
			<string>sourcecode.c.h</string>
			<key>path</key>
			<string>AppDelegate.h</string>
			<key>sourceTree</key>
			<string>&lt;group&gt;</string>
		</dict>
		<key>CACEF1F719410E22000A5812</key>
		<dict>
			<key>isa</key>
			<string>PBXFileReference</string>
			<key>lastKnownFileType</key>
			<string>sourcecode.c.objc</string>
			<key>path</key>
			<string>AppDelegate.m</string>
			<key>sourceTree</key>
			<string>&lt;group&gt;</string>
		</dict>
		<key>CACEF1F819410E22000A5812</key>
		<dict>
			<key>fileRef</key>
			<string>CACEF1F719410E22000A5812</string>
			<key>isa</key>
			<string>PBXBuildFile</string>
		</dict>
		<key>CACEF1F919410E22000A5812</key>
		<dict>
			<key>isa</key>
			<string>PBXFileReference</string>
			<key>lastKnownFileType</key>
			<string>folder.assetcatalog</string>
			<key>path</key>
			<string>Images.xcassets</string>
			<key>sourceTree</key>
			<string>&lt;group&gt;</string>
		</dict>
		<key>CACEF1FA19410E22000A5812</key>
		<dict>
			<key>fileRef</key>
			<string>CACEF1F919410E22000A5812</string>
			<key>isa</key>
			<string>PBXBuildFile</string>
		</dict>
		<key>CACEF1FB19410E22000A5812</key>
		<dict>
			<key>buildActionMask</key>
			<string>2147483647</string>
			<key>files</key>
			<array>
				<string>CACEF20D19410E22000A5812</string>
			</array>
			<key>isa</key>
			<string>PBXSourcesBuildPhase</string>
			<key>runOnlyForDeploymentPostprocessing</key>
			<string>0</string>
		</dict>
		<key>CACEF1FC19410E22000A5812</key>
		<dict>
			<key>buildActionMask</key>
			<string>2147483647</string>
			<key>files</key>
			<array>
				<string>CACEF20119410E22000A5812</string>
				<string>CACEF20319410E22000A5812</string>
				<string>CACEF20219410E22000A5812</string>
			</array>
			<key>isa</key>
			<string>PBXFrameworksBuildPhase</string>
			<key>runOnlyForDeploymentPostprocessing</key>
			<string>0</string>
		</dict>
		<key>CACEF1FD19410E22000A5812</key>
		<dict>
			<key>buildActionMask</key>
			<string>2147483647</string>
			<key>files</key>
			<array>
				<string>CACEF20B19410E22000A5812</string>
			</array>
			<key>isa</key>
			<string>PBXResourcesBuildPhase</string>
			<key>runOnlyForDeploymentPostprocessing</key>
			<string>0</string>
		</dict>
		<key>CACEF1FE19410E22000A5812</key>
		<dict>
			<key>buildConfigurationList</key>
			<string>CACEF21319410E22000A5812</string>
			<key>buildPhases</key>
			<array>
				<string>CACEF1FB19410E22000A5812</string>
				<string>CACEF1FC19410E22000A5812</string>
				<string>CACEF1FD19410E22000A5812</string>
			</array>
			<key>buildRules</key>
			<array/>
			<key>dependencies</key>
			<array>
				<string>CACEF20519410E22000A5812</string>
			</array>
			<key>isa</key>
			<string>PBXNativeTarget</string>
			<key>name</key>
			<string>RottenTomatoesTests</string>
			<key>productName</key>
			<string>RottenTomatoesTests</string>
			<key>productReference</key>
			<string>CACEF1FF19410E22000A5812</string>
			<key>productType</key>
			<string>com.apple.product-type.bundle.unit-test</string>
		</dict>
		<key>CACEF1FF19410E22000A5812</key>
		<dict>
			<key>explicitFileType</key>
			<string>wrapper.cfbundle</string>
			<key>includeInIndex</key>
			<string>0</string>
			<key>isa</key>
			<string>PBXFileReference</string>
			<key>path</key>
			<string>RottenTomatoesTests.xctest</string>
			<key>sourceTree</key>
			<string>BUILT_PRODUCTS_DIR</string>
		</dict>
		<key>CACEF20019410E22000A5812</key>
		<dict>
			<key>isa</key>
			<string>PBXFileReference</string>
			<key>lastKnownFileType</key>
			<string>wrapper.framework</string>
			<key>name</key>
			<string>XCTest.framework</string>
			<key>path</key>
			<string>Library/Frameworks/XCTest.framework</string>
			<key>sourceTree</key>
			<string>DEVELOPER_DIR</string>
		</dict>
		<key>CACEF20119410E22000A5812</key>
		<dict>
			<key>fileRef</key>
			<string>CACEF20019410E22000A5812</string>
			<key>isa</key>
			<string>PBXBuildFile</string>
		</dict>
		<key>CACEF20219410E22000A5812</key>
		<dict>
			<key>fileRef</key>
			<string>CACEF1E719410E22000A5812</string>
			<key>isa</key>
			<string>PBXBuildFile</string>
		</dict>
		<key>CACEF20319410E22000A5812</key>
		<dict>
			<key>fileRef</key>
			<string>CACEF1EB19410E22000A5812</string>
			<key>isa</key>
			<string>PBXBuildFile</string>
		</dict>
		<key>CACEF20419410E22000A5812</key>
		<dict>
			<key>containerPortal</key>
			<string>CACEF1DC19410E22000A5812</string>
			<key>isa</key>
			<string>PBXContainerItemProxy</string>
			<key>proxyType</key>
			<string>1</string>
			<key>remoteGlobalIDString</key>
			<string>CACEF1E319410E22000A5812</string>
			<key>remoteInfo</key>
			<string>RottenTomatoes</string>
		</dict>
		<key>CACEF20519410E22000A5812</key>
		<dict>
			<key>isa</key>
			<string>PBXTargetDependency</string>
			<key>target</key>
			<string>CACEF1E319410E22000A5812</string>
			<key>targetProxy</key>
			<string>CACEF20419410E22000A5812</string>
		</dict>
		<key>CACEF20619410E22000A5812</key>
		<dict>
			<key>children</key>
			<array>
				<string>CACEF20C19410E22000A5812</string>
				<string>CACEF20719410E22000A5812</string>
			</array>
			<key>isa</key>
			<string>PBXGroup</string>
			<key>path</key>
			<string>RottenTomatoesTests</string>
			<key>sourceTree</key>
			<string>&lt;group&gt;</string>
		</dict>
		<key>CACEF20719410E22000A5812</key>
		<dict>
			<key>children</key>
			<array>
				<string>CACEF20819410E22000A5812</string>
				<string>CACEF20919410E22000A5812</string>
			</array>
			<key>isa</key>
			<string>PBXGroup</string>
			<key>name</key>
			<string>Supporting Files</string>
			<key>sourceTree</key>
			<string>&lt;group&gt;</string>
		</dict>
		<key>CACEF20819410E22000A5812</key>
		<dict>
			<key>isa</key>
			<string>PBXFileReference</string>
			<key>lastKnownFileType</key>
			<string>text.plist.xml</string>
			<key>path</key>
			<string>RottenTomatoesTests-Info.plist</string>
			<key>sourceTree</key>
			<string>&lt;group&gt;</string>
		</dict>
		<key>CACEF20919410E22000A5812</key>
		<dict>
			<key>children</key>
			<array>
				<string>CACEF20A19410E22000A5812</string>
			</array>
			<key>isa</key>
			<string>PBXVariantGroup</string>
			<key>name</key>
			<string>InfoPlist.strings</string>
			<key>sourceTree</key>
			<string>&lt;group&gt;</string>
		</dict>
		<key>CACEF20A19410E22000A5812</key>
		<dict>
			<key>isa</key>
			<string>PBXFileReference</string>
			<key>lastKnownFileType</key>
			<string>text.plist.strings</string>
			<key>name</key>
			<string>en</string>
			<key>path</key>
			<string>en.lproj/InfoPlist.strings</string>
			<key>sourceTree</key>
			<string>&lt;group&gt;</string>
		</dict>
		<key>CACEF20B19410E22000A5812</key>
		<dict>
			<key>fileRef</key>
			<string>CACEF20919410E22000A5812</string>
			<key>isa</key>
			<string>PBXBuildFile</string>
		</dict>
		<key>CACEF20C19410E22000A5812</key>
		<dict>
			<key>isa</key>
			<string>PBXFileReference</string>
			<key>lastKnownFileType</key>
			<string>sourcecode.c.objc</string>
			<key>path</key>
			<string>RottenTomatoesTests.m</string>
			<key>sourceTree</key>
			<string>&lt;group&gt;</string>
		</dict>
		<key>CACEF20D19410E22000A5812</key>
		<dict>
			<key>fileRef</key>
			<string>CACEF20C19410E22000A5812</string>
			<key>isa</key>
			<string>PBXBuildFile</string>
		</dict>
		<key>CACEF20E19410E22000A5812</key>
		<dict>
			<key>buildSettings</key>
			<dict>
				<key>ALWAYS_SEARCH_USER_PATHS</key>
				<string>NO</string>
				<key>ARCHS</key>
				<string>$(ARCHS_STANDARD_INCLUDING_64_BIT)</string>
				<key>CLANG_CXX_LANGUAGE_STANDARD</key>
				<string>gnu++0x</string>
				<key>CLANG_CXX_LIBRARY</key>
				<string>libc++</string>
				<key>CLANG_ENABLE_MODULES</key>
				<string>YES</string>
				<key>CLANG_ENABLE_OBJC_ARC</key>
				<string>YES</string>
				<key>CLANG_WARN_BOOL_CONVERSION</key>
				<string>YES</string>
				<key>CLANG_WARN_CONSTANT_CONVERSION</key>
				<string>YES</string>
				<key>CLANG_WARN_DIRECT_OBJC_ISA_USAGE</key>
				<string>YES_ERROR</string>
				<key>CLANG_WARN_EMPTY_BODY</key>
				<string>YES</string>
				<key>CLANG_WARN_ENUM_CONVERSION</key>
				<string>YES</string>
				<key>CLANG_WARN_INT_CONVERSION</key>
				<string>YES</string>
				<key>CLANG_WARN_OBJC_ROOT_CLASS</key>
				<string>YES_ERROR</string>
				<key>CLANG_WARN__DUPLICATE_METHOD_MATCH</key>
				<string>YES</string>
				<key>CODE_SIGN_IDENTITY[sdk=iphoneos*]</key>
				<string>iPhone Developer</string>
				<key>COPY_PHASE_STRIP</key>
				<string>NO</string>
				<key>GCC_C_LANGUAGE_STANDARD</key>
				<string>gnu99</string>
				<key>GCC_DYNAMIC_NO_PIC</key>
				<string>NO</string>
				<key>GCC_OPTIMIZATION_LEVEL</key>
				<string>0</string>
				<key>GCC_PREPROCESSOR_DEFINITIONS</key>
				<array>
					<string>DEBUG=1</string>
					<string>$(inherited)</string>
				</array>
				<key>GCC_SYMBOLS_PRIVATE_EXTERN</key>
				<string>NO</string>
				<key>GCC_WARN_64_TO_32_BIT_CONVERSION</key>
				<string>YES</string>
				<key>GCC_WARN_ABOUT_RETURN_TYPE</key>
				<string>YES_ERROR</string>
				<key>GCC_WARN_UNDECLARED_SELECTOR</key>
				<string>YES</string>
				<key>GCC_WARN_UNINITIALIZED_AUTOS</key>
				<string>YES</string>
				<key>GCC_WARN_UNUSED_FUNCTION</key>
				<string>YES</string>
				<key>GCC_WARN_UNUSED_VARIABLE</key>
				<string>YES</string>
				<key>IPHONEOS_DEPLOYMENT_TARGET</key>
				<string>7.0</string>
				<key>ONLY_ACTIVE_ARCH</key>
				<string>YES</string>
				<key>SDKROOT</key>
				<string>iphoneos</string>
			</dict>
			<key>isa</key>
			<string>XCBuildConfiguration</string>
			<key>name</key>
			<string>Debug</string>
		</dict>
		<key>CACEF20F19410E22000A5812</key>
		<dict>
			<key>buildSettings</key>
			<dict>
				<key>ALWAYS_SEARCH_USER_PATHS</key>
				<string>NO</string>
				<key>ARCHS</key>
				<string>$(ARCHS_STANDARD_INCLUDING_64_BIT)</string>
				<key>CLANG_CXX_LANGUAGE_STANDARD</key>
				<string>gnu++0x</string>
				<key>CLANG_CXX_LIBRARY</key>
				<string>libc++</string>
				<key>CLANG_ENABLE_MODULES</key>
				<string>YES</string>
				<key>CLANG_ENABLE_OBJC_ARC</key>
				<string>YES</string>
				<key>CLANG_WARN_BOOL_CONVERSION</key>
				<string>YES</string>
				<key>CLANG_WARN_CONSTANT_CONVERSION</key>
				<string>YES</string>
				<key>CLANG_WARN_DIRECT_OBJC_ISA_USAGE</key>
				<string>YES_ERROR</string>
				<key>CLANG_WARN_EMPTY_BODY</key>
				<string>YES</string>
				<key>CLANG_WARN_ENUM_CONVERSION</key>
				<string>YES</string>
				<key>CLANG_WARN_INT_CONVERSION</key>
				<string>YES</string>
				<key>CLANG_WARN_OBJC_ROOT_CLASS</key>
				<string>YES_ERROR</string>
				<key>CLANG_WARN__DUPLICATE_METHOD_MATCH</key>
				<string>YES</string>
				<key>CODE_SIGN_IDENTITY[sdk=iphoneos*]</key>
				<string>iPhone Developer</string>
				<key>COPY_PHASE_STRIP</key>
				<string>YES</string>
				<key>ENABLE_NS_ASSERTIONS</key>
				<string>NO</string>
				<key>GCC_C_LANGUAGE_STANDARD</key>
				<string>gnu99</string>
				<key>GCC_WARN_64_TO_32_BIT_CONVERSION</key>
				<string>YES</string>
				<key>GCC_WARN_ABOUT_RETURN_TYPE</key>
				<string>YES_ERROR</string>
				<key>GCC_WARN_UNDECLARED_SELECTOR</key>
				<string>YES</string>
				<key>GCC_WARN_UNINITIALIZED_AUTOS</key>
				<string>YES</string>
				<key>GCC_WARN_UNUSED_FUNCTION</key>
				<string>YES</string>
				<key>GCC_WARN_UNUSED_VARIABLE</key>
				<string>YES</string>
				<key>IPHONEOS_DEPLOYMENT_TARGET</key>
				<string>7.0</string>
				<key>SDKROOT</key>
				<string>iphoneos</string>
				<key>VALIDATE_PRODUCT</key>
				<string>YES</string>
			</dict>
			<key>isa</key>
			<string>XCBuildConfiguration</string>
			<key>name</key>
			<string>Release</string>
		</dict>
		<key>CACEF21019410E22000A5812</key>
		<dict>
			<key>buildConfigurations</key>
			<array>
				<string>CACEF21119410E22000A5812</string>
				<string>CACEF21219410E22000A5812</string>
			</array>
			<key>defaultConfigurationIsVisible</key>
			<string>0</string>
			<key>defaultConfigurationName</key>
			<string>Release</string>
			<key>isa</key>
			<string>XCConfigurationList</string>
		</dict>
		<key>CACEF21119410E22000A5812</key>
		<dict>
			<key>baseConfigurationReference</key>
			<string>759C4B5A73304481A8B8629B</string>
			<key>buildSettings</key>
			<dict>
				<key>ASSETCATALOG_COMPILER_APPICON_NAME</key>
				<string>AppIcon</string>
				<key>ASSETCATALOG_COMPILER_LAUNCHIMAGE_NAME</key>
				<string>LaunchImage</string>
				<key>GCC_PRECOMPILE_PREFIX_HEADER</key>
				<string>YES</string>
				<key>GCC_PREFIX_HEADER</key>
				<string>RottenTomatoes/RottenTomatoes-Prefix.pch</string>
				<key>INFOPLIST_FILE</key>
				<string>RottenTomatoes/RottenTomatoes-Info.plist</string>
				<key>IPHONEOS_DEPLOYMENT_TARGET</key>
				<string>7.0</string>
				<key>PRODUCT_NAME</key>
				<string>$(TARGET_NAME)</string>
				<key>WRAPPER_EXTENSION</key>
				<string>app</string>
			</dict>
			<key>isa</key>
			<string>XCBuildConfiguration</string>
			<key>name</key>
			<string>Debug</string>
		</dict>
		<key>CACEF21219410E22000A5812</key>
		<dict>
			<key>baseConfigurationReference</key>
			<string>759C4B5A73304481A8B8629B</string>
			<key>buildSettings</key>
			<dict>
				<key>ASSETCATALOG_COMPILER_APPICON_NAME</key>
				<string>AppIcon</string>
				<key>ASSETCATALOG_COMPILER_LAUNCHIMAGE_NAME</key>
				<string>LaunchImage</string>
				<key>GCC_PRECOMPILE_PREFIX_HEADER</key>
				<string>YES</string>
				<key>GCC_PREFIX_HEADER</key>
				<string>RottenTomatoes/RottenTomatoes-Prefix.pch</string>
				<key>INFOPLIST_FILE</key>
				<string>RottenTomatoes/RottenTomatoes-Info.plist</string>
				<key>IPHONEOS_DEPLOYMENT_TARGET</key>
				<string>7.0</string>
				<key>PRODUCT_NAME</key>
				<string>$(TARGET_NAME)</string>
				<key>WRAPPER_EXTENSION</key>
				<string>app</string>
			</dict>
			<key>isa</key>
			<string>XCBuildConfiguration</string>
			<key>name</key>
			<string>Release</string>
		</dict>
		<key>CACEF21319410E22000A5812</key>
		<dict>
			<key>buildConfigurations</key>
			<array>
				<string>CACEF21419410E22000A5812</string>
				<string>CACEF21519410E22000A5812</string>
			</array>
			<key>defaultConfigurationIsVisible</key>
			<string>0</string>
			<key>defaultConfigurationName</key>
			<string>Release</string>
			<key>isa</key>
			<string>XCConfigurationList</string>
		</dict>
		<key>CACEF21419410E22000A5812</key>
		<dict>
			<key>buildSettings</key>
			<dict>
				<key>ARCHS</key>
				<string>$(ARCHS_STANDARD_INCLUDING_64_BIT)</string>
				<key>BUNDLE_LOADER</key>
				<string>$(BUILT_PRODUCTS_DIR)/RottenTomatoes.app/RottenTomatoes</string>
				<key>FRAMEWORK_SEARCH_PATHS</key>
				<array>
					<string>$(SDKROOT)/Developer/Library/Frameworks</string>
					<string>$(inherited)</string>
					<string>$(DEVELOPER_FRAMEWORKS_DIR)</string>
				</array>
				<key>GCC_PRECOMPILE_PREFIX_HEADER</key>
				<string>YES</string>
				<key>GCC_PREFIX_HEADER</key>
				<string>RottenTomatoes/RottenTomatoes-Prefix.pch</string>
				<key>GCC_PREPROCESSOR_DEFINITIONS</key>
				<array>
					<string>DEBUG=1</string>
					<string>$(inherited)</string>
				</array>
				<key>INFOPLIST_FILE</key>
				<string>RottenTomatoesTests/RottenTomatoesTests-Info.plist</string>
				<key>PRODUCT_NAME</key>
				<string>$(TARGET_NAME)</string>
				<key>TEST_HOST</key>
				<string>$(BUNDLE_LOADER)</string>
				<key>WRAPPER_EXTENSION</key>
				<string>xctest</string>
			</dict>
			<key>isa</key>
			<string>XCBuildConfiguration</string>
			<key>name</key>
			<string>Debug</string>
		</dict>
		<key>CACEF21519410E22000A5812</key>
		<dict>
			<key>buildSettings</key>
			<dict>
				<key>ARCHS</key>
				<string>$(ARCHS_STANDARD_INCLUDING_64_BIT)</string>
				<key>BUNDLE_LOADER</key>
				<string>$(BUILT_PRODUCTS_DIR)/RottenTomatoes.app/RottenTomatoes</string>
				<key>FRAMEWORK_SEARCH_PATHS</key>
				<array>
					<string>$(SDKROOT)/Developer/Library/Frameworks</string>
					<string>$(inherited)</string>
					<string>$(DEVELOPER_FRAMEWORKS_DIR)</string>
				</array>
				<key>GCC_PRECOMPILE_PREFIX_HEADER</key>
				<string>YES</string>
				<key>GCC_PREFIX_HEADER</key>
				<string>RottenTomatoes/RottenTomatoes-Prefix.pch</string>
				<key>INFOPLIST_FILE</key>
				<string>RottenTomatoesTests/RottenTomatoesTests-Info.plist</string>
				<key>PRODUCT_NAME</key>
				<string>$(TARGET_NAME)</string>
				<key>TEST_HOST</key>
				<string>$(BUNDLE_LOADER)</string>
				<key>WRAPPER_EXTENSION</key>
				<string>xctest</string>
			</dict>
			<key>isa</key>
			<string>XCBuildConfiguration</string>
			<key>name</key>
			<string>Release</string>
		</dict>
		<key>E93D9F7E7F8C4B6F9D63E93E</key>
		<dict>
			<key>explicitFileType</key>
			<string>archive.ar</string>
			<key>includeInIndex</key>
			<string>0</string>
			<key>isa</key>
			<string>PBXFileReference</string>
			<key>path</key>
			<string>libPods.a</string>
			<key>sourceTree</key>
			<string>BUILT_PRODUCTS_DIR</string>
		</dict>
	</dict>
	<key>rootObject</key>
	<string>CACEF1DC19410E22000A5812</string>
</dict>
</plist>
